// !$*UTF8*$!
{
	archiveVersion = 1;
	classes = {
	};
	objectVersion = 50;
	objects = {

/* Begin PBXBuildFile section */
		0A2D32242184F7B900FE10C0 /* MoviesPresenter.swift in Sources */ = {isa = PBXBuildFile; fileRef = 0A2D32232184F7B900FE10C0 /* MoviesPresenter.swift */; };
		0A2D32262185073C00FE10C0 /* MoviesModel.swift in Sources */ = {isa = PBXBuildFile; fileRef = 0A2D32252185073C00FE10C0 /* MoviesModel.swift */; };
		0A2D3229218507F400FE10C0 /* MovieDetailsPresenter.swift in Sources */ = {isa = PBXBuildFile; fileRef = 0A2D3228218507F400FE10C0 /* MovieDetailsPresenter.swift */; };
		0A46000F21834E4C00228663 /* MovieViewCell.swift in Sources */ = {isa = PBXBuildFile; fileRef = 0A46000E21834E4C00228663 /* MovieViewCell.swift */; };
		0A460011218355F700228663 /* AppUtils.swift in Sources */ = {isa = PBXBuildFile; fileRef = 0A460010218355F700228663 /* AppUtils.swift */; };
		0A5E5D782183A38D00B66460 /* MovieDetailsVC.swift in Sources */ = {isa = PBXBuildFile; fileRef = 0A5E5D772183A38D00B66460 /* MovieDetailsVC.swift */; };
		0AAC470721820CA500322A93 /* AppDelegate.swift in Sources */ = {isa = PBXBuildFile; fileRef = 0AAC470621820CA500322A93 /* AppDelegate.swift */; };
		0AAC470C21820CA500322A93 /* Main.storyboard in Resources */ = {isa = PBXBuildFile; fileRef = 0AAC470A21820CA500322A93 /* Main.storyboard */; };
		0AAC470E21820CA700322A93 /* Assets.xcassets in Resources */ = {isa = PBXBuildFile; fileRef = 0AAC470D21820CA700322A93 /* Assets.xcassets */; };
		0AAC471121820CA700322A93 /* LaunchScreen.storyboard in Resources */ = {isa = PBXBuildFile; fileRef = 0AAC470F21820CA700322A93 /* LaunchScreen.storyboard */; };
		0AAC471C21820CA800322A93 /* AlamofireDemoTests.swift in Sources */ = {isa = PBXBuildFile; fileRef = 0AAC471B21820CA700322A93 /* AlamofireDemoTests.swift */; };
		0AAC472721820CA800322A93 /* AlamofireDemoUITests.swift in Sources */ = {isa = PBXBuildFile; fileRef = 0AAC472621820CA800322A93 /* AlamofireDemoUITests.swift */; };
		0AAC473521820F3900322A93 /* MovieTableVC.swift in Sources */ = {isa = PBXBuildFile; fileRef = 0AAC473421820F3900322A93 /* MovieTableVC.swift */; };
		0AAC4737218212B600322A93 /* NetworkService.swift in Sources */ = {isa = PBXBuildFile; fileRef = 0AAC4736218212B500322A93 /* NetworkService.swift */; };
		0AAC4739218213EA00322A93 /* MovieDetailsModel.swift in Sources */ = {isa = PBXBuildFile; fileRef = 0AAC4738218213EA00322A93 /* MovieDetailsModel.swift */; };
		0AAC473F218214F500322A93 /* DictionaryEncoder.swift in Sources */ = {isa = PBXBuildFile; fileRef = 0AAC473B218214F500322A93 /* DictionaryEncoder.swift */; };
		0AAC4740218214F500322A93 /* DictionaryDecoder.swift in Sources */ = {isa = PBXBuildFile; fileRef = 0AAC473C218214F500322A93 /* DictionaryDecoder.swift */; };
		0AAC4741218214F500322A93 /* DictionaryCodingKey.swift in Sources */ = {isa = PBXBuildFile; fileRef = 0AAC473D218214F500322A93 /* DictionaryCodingKey.swift */; };
		0AAC4742218214F500322A93 /* DictionaryErrors.swift in Sources */ = {isa = PBXBuildFile; fileRef = 0AAC473E218214F500322A93 /* DictionaryErrors.swift */; };
		BE8AFDE1E944C12A7E8FB9FB /* Pods_AlamofireDemo.framework in Frameworks */ = {isa = PBXBuildFile; fileRef = 4AC120484ADB98B264F21EA2 /* Pods_AlamofireDemo.framework */; };
/* End PBXBuildFile section */

/* Begin PBXContainerItemProxy section */
		0AAC471821820CA700322A93 /* PBXContainerItemProxy */ = {
			isa = PBXContainerItemProxy;
			containerPortal = 0AAC46FB21820CA500322A93 /* Project object */;
			proxyType = 1;
			remoteGlobalIDString = 0AAC470221820CA500322A93;
			remoteInfo = AlamofireDemo;
		};
		0AAC472321820CA800322A93 /* PBXContainerItemProxy */ = {
			isa = PBXContainerItemProxy;
			containerPortal = 0AAC46FB21820CA500322A93 /* Project object */;
			proxyType = 1;
			remoteGlobalIDString = 0AAC470221820CA500322A93;
			remoteInfo = AlamofireDemo;
		};
/* End PBXContainerItemProxy section */

/* Begin PBXFileReference section */
		0A2D32232184F7B900FE10C0 /* MoviesPresenter.swift */ = {isa = PBXFileReference; lastKnownFileType = sourcecode.swift; path = MoviesPresenter.swift; sourceTree = "<group>"; };
		0A2D32252185073C00FE10C0 /* MoviesModel.swift */ = {isa = PBXFileReference; lastKnownFileType = sourcecode.swift; path = MoviesModel.swift; sourceTree = "<group>"; };
		0A2D3228218507F400FE10C0 /* MovieDetailsPresenter.swift */ = {isa = PBXFileReference; lastKnownFileType = sourcecode.swift; path = MovieDetailsPresenter.swift; sourceTree = "<group>"; };
		0A46000E21834E4C00228663 /* MovieViewCell.swift */ = {isa = PBXFileReference; lastKnownFileType = sourcecode.swift; path = MovieViewCell.swift; sourceTree = "<group>"; };
		0A460010218355F700228663 /* AppUtils.swift */ = {isa = PBXFileReference; lastKnownFileType = sourcecode.swift; path = AppUtils.swift; sourceTree = "<group>"; };
		0A5E5D772183A38D00B66460 /* MovieDetailsVC.swift */ = {isa = PBXFileReference; lastKnownFileType = sourcecode.swift; path = MovieDetailsVC.swift; sourceTree = "<group>"; };
		0AAC470321820CA500322A93 /* AlamofireDemo.app */ = {isa = PBXFileReference; explicitFileType = wrapper.application; includeInIndex = 0; path = AlamofireDemo.app; sourceTree = BUILT_PRODUCTS_DIR; };
		0AAC470621820CA500322A93 /* AppDelegate.swift */ = {isa = PBXFileReference; lastKnownFileType = sourcecode.swift; path = AppDelegate.swift; sourceTree = "<group>"; };
		0AAC470B21820CA500322A93 /* Base */ = {isa = PBXFileReference; lastKnownFileType = file.storyboard; name = Base; path = Base.lproj/Main.storyboard; sourceTree = "<group>"; };
		0AAC470D21820CA700322A93 /* Assets.xcassets */ = {isa = PBXFileReference; lastKnownFileType = folder.assetcatalog; path = Assets.xcassets; sourceTree = "<group>"; };
		0AAC471021820CA700322A93 /* Base */ = {isa = PBXFileReference; lastKnownFileType = file.storyboard; name = Base; path = Base.lproj/LaunchScreen.storyboard; sourceTree = "<group>"; };
		0AAC471221820CA700322A93 /* Info.plist */ = {isa = PBXFileReference; lastKnownFileType = text.plist.xml; path = Info.plist; sourceTree = "<group>"; };
		0AAC471721820CA700322A93 /* AlamofireDemoTests.xctest */ = {isa = PBXFileReference; explicitFileType = wrapper.cfbundle; includeInIndex = 0; path = AlamofireDemoTests.xctest; sourceTree = BUILT_PRODUCTS_DIR; };
		0AAC471B21820CA700322A93 /* AlamofireDemoTests.swift */ = {isa = PBXFileReference; lastKnownFileType = sourcecode.swift; path = AlamofireDemoTests.swift; sourceTree = "<group>"; };
		0AAC471D21820CA800322A93 /* Info.plist */ = {isa = PBXFileReference; lastKnownFileType = text.plist.xml; path = Info.plist; sourceTree = "<group>"; };
		0AAC472221820CA800322A93 /* AlamofireDemoUITests.xctest */ = {isa = PBXFileReference; explicitFileType = wrapper.cfbundle; includeInIndex = 0; path = AlamofireDemoUITests.xctest; sourceTree = BUILT_PRODUCTS_DIR; };
		0AAC472621820CA800322A93 /* AlamofireDemoUITests.swift */ = {isa = PBXFileReference; lastKnownFileType = sourcecode.swift; path = AlamofireDemoUITests.swift; sourceTree = "<group>"; };
		0AAC472821820CA800322A93 /* Info.plist */ = {isa = PBXFileReference; lastKnownFileType = text.plist.xml; path = Info.plist; sourceTree = "<group>"; };
		0AAC473421820F3900322A93 /* MovieTableVC.swift */ = {isa = PBXFileReference; lastKnownFileType = sourcecode.swift; path = MovieTableVC.swift; sourceTree = "<group>"; };
		0AAC4736218212B500322A93 /* NetworkService.swift */ = {isa = PBXFileReference; fileEncoding = 4; lastKnownFileType = sourcecode.swift; path = NetworkService.swift; sourceTree = "<group>"; };
		0AAC4738218213EA00322A93 /* MovieDetailsModel.swift */ = {isa = PBXFileReference; lastKnownFileType = sourcecode.swift; path = MovieDetailsModel.swift; sourceTree = "<group>"; };
		0AAC473B218214F500322A93 /* DictionaryEncoder.swift */ = {isa = PBXFileReference; fileEncoding = 4; lastKnownFileType = sourcecode.swift; name = DictionaryEncoder.swift; path = AlamofireDemo/DictionaryCoding/DictionaryEncoder.swift; sourceTree = SOURCE_ROOT; };
		0AAC473C218214F500322A93 /* DictionaryDecoder.swift */ = {isa = PBXFileReference; fileEncoding = 4; lastKnownFileType = sourcecode.swift; name = DictionaryDecoder.swift; path = AlamofireDemo/DictionaryCoding/DictionaryDecoder.swift; sourceTree = SOURCE_ROOT; };
		0AAC473D218214F500322A93 /* DictionaryCodingKey.swift */ = {isa = PBXFileReference; fileEncoding = 4; lastKnownFileType = sourcecode.swift; name = DictionaryCodingKey.swift; path = AlamofireDemo/DictionaryCoding/DictionaryCodingKey.swift; sourceTree = SOURCE_ROOT; };
		0AAC473E218214F500322A93 /* DictionaryErrors.swift */ = {isa = PBXFileReference; fileEncoding = 4; lastKnownFileType = sourcecode.swift; name = DictionaryErrors.swift; path = AlamofireDemo/DictionaryCoding/DictionaryErrors.swift; sourceTree = SOURCE_ROOT; };
		0ECF416ED1B021FBE236C7FA /* Pods-AlamofireDemo.release.xcconfig */ = {isa = PBXFileReference; includeInIndex = 1; lastKnownFileType = text.xcconfig; name = "Pods-AlamofireDemo.release.xcconfig"; path = "Pods/Target Support Files/Pods-AlamofireDemo/Pods-AlamofireDemo.release.xcconfig"; sourceTree = "<group>"; };
		28ACFB149FFEFB1526812AED /* Pods-AlamofireDemo.debug.xcconfig */ = {isa = PBXFileReference; includeInIndex = 1; lastKnownFileType = text.xcconfig; name = "Pods-AlamofireDemo.debug.xcconfig"; path = "Pods/Target Support Files/Pods-AlamofireDemo/Pods-AlamofireDemo.debug.xcconfig"; sourceTree = "<group>"; };
		4AC120484ADB98B264F21EA2 /* Pods_AlamofireDemo.framework */ = {isa = PBXFileReference; explicitFileType = wrapper.framework; includeInIndex = 0; path = Pods_AlamofireDemo.framework; sourceTree = BUILT_PRODUCTS_DIR; };
/* End PBXFileReference section */

/* Begin PBXFrameworksBuildPhase section */
		0AAC470021820CA500322A93 /* Frameworks */ = {
			isa = PBXFrameworksBuildPhase;
			buildActionMask = 2147483647;
			files = (
				BE8AFDE1E944C12A7E8FB9FB /* Pods_AlamofireDemo.framework in Frameworks */,
			);
			runOnlyForDeploymentPostprocessing = 0;
		};
		0AAC471421820CA700322A93 /* Frameworks */ = {
			isa = PBXFrameworksBuildPhase;
			buildActionMask = 2147483647;
			files = (
			);
			runOnlyForDeploymentPostprocessing = 0;
		};
		0AAC471F21820CA800322A93 /* Frameworks */ = {
			isa = PBXFrameworksBuildPhase;
			buildActionMask = 2147483647;
			files = (
			);
			runOnlyForDeploymentPostprocessing = 0;
		};
/* End PBXFrameworksBuildPhase section */

/* Begin PBXGroup section */
		0A2D32222184F77000FE10C0 /* Movies */ = {
			isa = PBXGroup;
			children = (
				0A2D32252185073C00FE10C0 /* MoviesModel.swift */,
				0A2D32232184F7B900FE10C0 /* MoviesPresenter.swift */,
				0AAC473421820F3900322A93 /* MovieTableVC.swift */,
			);
			path = Movies;
			sourceTree = "<group>";
		};
		0A2D32272185079600FE10C0 /* MovieDetails */ = {
			isa = PBXGroup;
			children = (
				0AAC4738218213EA00322A93 /* MovieDetailsModel.swift */,
				0A2D3228218507F400FE10C0 /* MovieDetailsPresenter.swift */,
				0A5E5D772183A38D00B66460 /* MovieDetailsVC.swift */,
			);
			path = MovieDetails;
			sourceTree = "<group>";
		};
		0AAC46FA21820CA500322A93 = {
			isa = PBXGroup;
			children = (
				0AAC473A218214B000322A93 /* Dictionary */,
				0AAC470521820CA500322A93 /* AlamofireDemo */,
				0AAC471A21820CA700322A93 /* AlamofireDemoTests */,
				0AAC472521820CA800322A93 /* AlamofireDemoUITests */,
				0AAC470421820CA500322A93 /* Products */,
				54163CB64B78877E7764B15D /* Pods */,
				1F3FB6381801413B59686697 /* Frameworks */,
			);
			sourceTree = "<group>";
		};
		0AAC470421820CA500322A93 /* Products */ = {
			isa = PBXGroup;
			children = (
				0AAC470321820CA500322A93 /* AlamofireDemo.app */,
				0AAC471721820CA700322A93 /* AlamofireDemoTests.xctest */,
				0AAC472221820CA800322A93 /* AlamofireDemoUITests.xctest */,
			);
			name = Products;
			sourceTree = "<group>";
		};
		0AAC470521820CA500322A93 /* AlamofireDemo */ = {
			isa = PBXGroup;
			children = (
				0A2D32272185079600FE10C0 /* MovieDetails */,
				0A2D32222184F77000FE10C0 /* Movies */,
				0AAC470621820CA500322A93 /* AppDelegate.swift */,
				0A460010218355F700228663 /* AppUtils.swift */,
				0AAC470D21820CA700322A93 /* Assets.xcassets */,
				0AAC471221820CA700322A93 /* Info.plist */,
				0AAC470F21820CA700322A93 /* LaunchScreen.storyboard */,
				0AAC470A21820CA500322A93 /* Main.storyboard */,
				0A46000E21834E4C00228663 /* MovieViewCell.swift */,
				0AAC4736218212B500322A93 /* NetworkService.swift */,
			);
			path = AlamofireDemo;
			sourceTree = "<group>";
		};
		0AAC471A21820CA700322A93 /* AlamofireDemoTests */ = {
			isa = PBXGroup;
			children = (
				0AAC471B21820CA700322A93 /* AlamofireDemoTests.swift */,
				0AAC471D21820CA800322A93 /* Info.plist */,
			);
			path = AlamofireDemoTests;
			sourceTree = "<group>";
		};
		0AAC472521820CA800322A93 /* AlamofireDemoUITests */ = {
			isa = PBXGroup;
			children = (
				0AAC472621820CA800322A93 /* AlamofireDemoUITests.swift */,
				0AAC472821820CA800322A93 /* Info.plist */,
			);
			path = AlamofireDemoUITests;
			sourceTree = "<group>";
		};
		0AAC473A218214B000322A93 /* Dictionary */ = {
			isa = PBXGroup;
			children = (
				0AAC473D218214F500322A93 /* DictionaryCodingKey.swift */,
				0AAC473C218214F500322A93 /* DictionaryDecoder.swift */,
				0AAC473B218214F500322A93 /* DictionaryEncoder.swift */,
				0AAC473E218214F500322A93 /* DictionaryErrors.swift */,
			);
			path = Dictionary;
			sourceTree = "<group>";
		};
		1F3FB6381801413B59686697 /* Frameworks */ = {
			isa = PBXGroup;
			children = (
				4AC120484ADB98B264F21EA2 /* Pods_AlamofireDemo.framework */,
			);
			name = Frameworks;
			sourceTree = "<group>";
		};
		54163CB64B78877E7764B15D /* Pods */ = {
			isa = PBXGroup;
			children = (
				28ACFB149FFEFB1526812AED /* Pods-AlamofireDemo.debug.xcconfig */,
				0ECF416ED1B021FBE236C7FA /* Pods-AlamofireDemo.release.xcconfig */,
			);
			name = Pods;
			sourceTree = "<group>";
		};
/* End PBXGroup section */

/* Begin PBXNativeTarget section */
		0AAC470221820CA500322A93 /* AlamofireDemo */ = {
			isa = PBXNativeTarget;
			buildConfigurationList = 0AAC472B21820CA800322A93 /* Build configuration list for PBXNativeTarget "AlamofireDemo" */;
			buildPhases = (
				C9C09FE5924294F6FD3B1949 /* [CP] Check Pods Manifest.lock */,
				0AAC46FF21820CA500322A93 /* Sources */,
				0AAC470021820CA500322A93 /* Frameworks */,
				0AAC470121820CA500322A93 /* Resources */,
				195C5D7C12325E75824111C8 /* [CP] Embed Pods Frameworks */,
			);
			buildRules = (
			);
			dependencies = (
			);
			name = AlamofireDemo;
			productName = AlamofireDemo;
			productReference = 0AAC470321820CA500322A93 /* AlamofireDemo.app */;
			productType = "com.apple.product-type.application";
		};
		0AAC471621820CA700322A93 /* AlamofireDemoTests */ = {
			isa = PBXNativeTarget;
			buildConfigurationList = 0AAC472E21820CA800322A93 /* Build configuration list for PBXNativeTarget "AlamofireDemoTests" */;
			buildPhases = (
				0AAC471321820CA700322A93 /* Sources */,
				0AAC471421820CA700322A93 /* Frameworks */,
				0AAC471521820CA700322A93 /* Resources */,
			);
			buildRules = (
			);
			dependencies = (
				0AAC471921820CA700322A93 /* PBXTargetDependency */,
			);
			name = AlamofireDemoTests;
			productName = AlamofireDemoTests;
			productReference = 0AAC471721820CA700322A93 /* AlamofireDemoTests.xctest */;
			productType = "com.apple.product-type.bundle.unit-test";
		};
		0AAC472121820CA800322A93 /* AlamofireDemoUITests */ = {
			isa = PBXNativeTarget;
			buildConfigurationList = 0AAC473121820CA800322A93 /* Build configuration list for PBXNativeTarget "AlamofireDemoUITests" */;
			buildPhases = (
				0AAC471E21820CA800322A93 /* Sources */,
				0AAC471F21820CA800322A93 /* Frameworks */,
				0AAC472021820CA800322A93 /* Resources */,
			);
			buildRules = (
			);
			dependencies = (
				0AAC472421820CA800322A93 /* PBXTargetDependency */,
			);
			name = AlamofireDemoUITests;
			productName = AlamofireDemoUITests;
			productReference = 0AAC472221820CA800322A93 /* AlamofireDemoUITests.xctest */;
			productType = "com.apple.product-type.bundle.ui-testing";
		};
/* End PBXNativeTarget section */

/* Begin PBXProject section */
		0AAC46FB21820CA500322A93 /* Project object */ = {
			isa = PBXProject;
			attributes = {
				LastSwiftUpdateCheck = 1000;
				LastUpgradeCheck = 1000;
				ORGANIZATIONNAME = Dmitry;
				TargetAttributes = {
					0AAC470221820CA500322A93 = {
						CreatedOnToolsVersion = 10.0;
					};
					0AAC471621820CA700322A93 = {
						CreatedOnToolsVersion = 10.0;
						TestTargetID = 0AAC470221820CA500322A93;
					};
					0AAC472121820CA800322A93 = {
						CreatedOnToolsVersion = 10.0;
						TestTargetID = 0AAC470221820CA500322A93;
					};
				};
			};
			buildConfigurationList = 0AAC46FE21820CA500322A93 /* Build configuration list for PBXProject "AlamofireDemo" */;
			compatibilityVersion = "Xcode 9.3";
			developmentRegion = en;
			hasScannedForEncodings = 0;
			knownRegions = (
				en,
				Base,
			);
			mainGroup = 0AAC46FA21820CA500322A93;
			productRefGroup = 0AAC470421820CA500322A93 /* Products */;
			projectDirPath = "";
			projectRoot = "";
			targets = (
				0AAC470221820CA500322A93 /* AlamofireDemo */,
				0AAC471621820CA700322A93 /* AlamofireDemoTests */,
				0AAC472121820CA800322A93 /* AlamofireDemoUITests */,
			);
		};
/* End PBXProject section */

/* Begin PBXResourcesBuildPhase section */
		0AAC470121820CA500322A93 /* Resources */ = {
			isa = PBXResourcesBuildPhase;
			buildActionMask = 2147483647;
			files = (
				0AAC471121820CA700322A93 /* LaunchScreen.storyboard in Resources */,
				0AAC470E21820CA700322A93 /* Assets.xcassets in Resources */,
				0AAC470C21820CA500322A93 /* Main.storyboard in Resources */,
			);
			runOnlyForDeploymentPostprocessing = 0;
		};
		0AAC471521820CA700322A93 /* Resources */ = {
			isa = PBXResourcesBuildPhase;
			buildActionMask = 2147483647;
			files = (
			);
			runOnlyForDeploymentPostprocessing = 0;
		};
		0AAC472021820CA800322A93 /* Resources */ = {
			isa = PBXResourcesBuildPhase;
			buildActionMask = 2147483647;
			files = (
			);
			runOnlyForDeploymentPostprocessing = 0;
		};
/* End PBXResourcesBuildPhase section */

/* Begin PBXShellScriptBuildPhase section */
		195C5D7C12325E75824111C8 /* [CP] Embed Pods Frameworks */ = {
			isa = PBXShellScriptBuildPhase;
			buildActionMask = 2147483647;
			files = (
			);
			inputFileListPaths = (
			);
			inputPaths = (
				"${SRCROOT}/Pods/Target Support Files/Pods-AlamofireDemo/Pods-AlamofireDemo-frameworks.sh",
				"${BUILT_PRODUCTS_DIR}/Alamofire/Alamofire.framework",
				"${BUILT_PRODUCTS_DIR}/AlamofireImage/AlamofireImage.framework",
			);
			name = "[CP] Embed Pods Frameworks";
			outputFileListPaths = (
			);
			outputPaths = (
				"${TARGET_BUILD_DIR}/${FRAMEWORKS_FOLDER_PATH}/Alamofire.framework",
				"${TARGET_BUILD_DIR}/${FRAMEWORKS_FOLDER_PATH}/AlamofireImage.framework",
			);
			runOnlyForDeploymentPostprocessing = 0;
			shellPath = /bin/sh;
			shellScript = "\"${SRCROOT}/Pods/Target Support Files/Pods-AlamofireDemo/Pods-AlamofireDemo-frameworks.sh\"\n";
			showEnvVarsInLog = 0;
		};
		C9C09FE5924294F6FD3B1949 /* [CP] Check Pods Manifest.lock */ = {
			isa = PBXShellScriptBuildPhase;
			buildActionMask = 2147483647;
			files = (
			);
			inputFileListPaths = (
			);
			inputPaths = (
				"${PODS_PODFILE_DIR_PATH}/Podfile.lock",
				"${PODS_ROOT}/Manifest.lock",
			);
			name = "[CP] Check Pods Manifest.lock";
			outputFileListPaths = (
			);
			outputPaths = (
				"$(DERIVED_FILE_DIR)/Pods-AlamofireDemo-checkManifestLockResult.txt",
			);
			runOnlyForDeploymentPostprocessing = 0;
			shellPath = /bin/sh;
			shellScript = "diff \"${PODS_PODFILE_DIR_PATH}/Podfile.lock\" \"${PODS_ROOT}/Manifest.lock\" > /dev/null\nif [ $? != 0 ] ; then\n    # print error to STDERR\n    echo \"error: The sandbox is not in sync with the Podfile.lock. Run 'pod install' or update your CocoaPods installation.\" >&2\n    exit 1\nfi\n# This output is used by Xcode 'outputs' to avoid re-running this script phase.\necho \"SUCCESS\" > \"${SCRIPT_OUTPUT_FILE_0}\"\n";
			showEnvVarsInLog = 0;
		};
/* End PBXShellScriptBuildPhase section */

/* Begin PBXSourcesBuildPhase section */
		0AAC46FF21820CA500322A93 /* Sources */ = {
			isa = PBXSourcesBuildPhase;
			buildActionMask = 2147483647;
			files = (
				0AAC4740218214F500322A93 /* DictionaryDecoder.swift in Sources */,
				0A5E5D782183A38D00B66460 /* MovieDetailsVC.swift in Sources */,
				0AAC473F218214F500322A93 /* DictionaryEncoder.swift in Sources */,
				0AAC4739218213EA00322A93 /* MovieDetailsModel.swift in Sources */,
				0A2D3229218507F400FE10C0 /* MovieDetailsPresenter.swift in Sources */,
				0AAC473521820F3900322A93 /* MovieTableVC.swift in Sources */,
				0AAC4737218212B600322A93 /* NetworkService.swift in Sources */,
				0A460011218355F700228663 /* AppUtils.swift in Sources */,
				0A2D32262185073C00FE10C0 /* MoviesModel.swift in Sources */,
				0AAC470721820CA500322A93 /* AppDelegate.swift in Sources */,
				0AAC4742218214F500322A93 /* DictionaryErrors.swift in Sources */,
				0AAC4741218214F500322A93 /* DictionaryCodingKey.swift in Sources */,
				0A46000F21834E4C00228663 /* MovieViewCell.swift in Sources */,
				0A2D32242184F7B900FE10C0 /* MoviesPresenter.swift in Sources */,
			);
			runOnlyForDeploymentPostprocessing = 0;
		};
		0AAC471321820CA700322A93 /* Sources */ = {
			isa = PBXSourcesBuildPhase;
			buildActionMask = 2147483647;
			files = (
				0AAC471C21820CA800322A93 /* AlamofireDemoTests.swift in Sources */,
			);
			runOnlyForDeploymentPostprocessing = 0;
		};
		0AAC471E21820CA800322A93 /* Sources */ = {
			isa = PBXSourcesBuildPhase;
			buildActionMask = 2147483647;
			files = (
				0AAC472721820CA800322A93 /* AlamofireDemoUITests.swift in Sources */,
			);
			runOnlyForDeploymentPostprocessing = 0;
		};
/* End PBXSourcesBuildPhase section */

/* Begin PBXTargetDependency section */
		0AAC471921820CA700322A93 /* PBXTargetDependency */ = {
			isa = PBXTargetDependency;
			target = 0AAC470221820CA500322A93 /* AlamofireDemo */;
			targetProxy = 0AAC471821820CA700322A93 /* PBXContainerItemProxy */;
		};
		0AAC472421820CA800322A93 /* PBXTargetDependency */ = {
			isa = PBXTargetDependency;
			target = 0AAC470221820CA500322A93 /* AlamofireDemo */;
			targetProxy = 0AAC472321820CA800322A93 /* PBXContainerItemProxy */;
		};
/* End PBXTargetDependency section */

/* Begin PBXVariantGroup section */
		0AAC470A21820CA500322A93 /* Main.storyboard */ = {
			isa = PBXVariantGroup;
			children = (
				0AAC470B21820CA500322A93 /* Base */,
			);
			name = Main.storyboard;
			sourceTree = "<group>";
		};
		0AAC470F21820CA700322A93 /* LaunchScreen.storyboard */ = {
			isa = PBXVariantGroup;
			children = (
				0AAC471021820CA700322A93 /* Base */,
			);
			name = LaunchScreen.storyboard;
			sourceTree = "<group>";
		};
/* End PBXVariantGroup section */

/* Begin XCBuildConfiguration section */
		0AAC472921820CA800322A93 /* Debug */ = {
			isa = XCBuildConfiguration;
			buildSettings = {
				ALWAYS_SEARCH_USER_PATHS = NO;
				CLANG_ANALYZER_NONNULL = YES;
				CLANG_ANALYZER_NUMBER_OBJECT_CONVERSION = YES_AGGRESSIVE;
				CLANG_CXX_LANGUAGE_STANDARD = "gnu++14";
				CLANG_CXX_LIBRARY = "libc++";
				CLANG_ENABLE_MODULES = YES;
				CLANG_ENABLE_OBJC_ARC = YES;
				CLANG_ENABLE_OBJC_WEAK = YES;
				CLANG_WARN_BLOCK_CAPTURE_AUTORELEASING = YES;
				CLANG_WARN_BOOL_CONVERSION = YES;
				CLANG_WARN_COMMA = YES;
				CLANG_WARN_CONSTANT_CONVERSION = YES;
				CLANG_WARN_DEPRECATED_OBJC_IMPLEMENTATIONS = YES;
				CLANG_WARN_DIRECT_OBJC_ISA_USAGE = YES_ERROR;
				CLANG_WARN_DOCUMENTATION_COMMENTS = YES;
				CLANG_WARN_EMPTY_BODY = YES;
				CLANG_WARN_ENUM_CONVERSION = YES;
				CLANG_WARN_INFINITE_RECURSION = YES;
				CLANG_WARN_INT_CONVERSION = YES;
				CLANG_WARN_NON_LITERAL_NULL_CONVERSION = YES;
				CLANG_WARN_OBJC_IMPLICIT_RETAIN_SELF = YES;
				CLANG_WARN_OBJC_LITERAL_CONVERSION = YES;
				CLANG_WARN_OBJC_ROOT_CLASS = YES_ERROR;
				CLANG_WARN_RANGE_LOOP_ANALYSIS = YES;
				CLANG_WARN_STRICT_PROTOTYPES = YES;
				CLANG_WARN_SUSPICIOUS_MOVE = YES;
				CLANG_WARN_UNGUARDED_AVAILABILITY = YES_AGGRESSIVE;
				CLANG_WARN_UNREACHABLE_CODE = YES;
				CLANG_WARN__DUPLICATE_METHOD_MATCH = YES;
				CODE_SIGN_IDENTITY = "iPhone Developer";
				COPY_PHASE_STRIP = NO;
				DEBUG_INFORMATION_FORMAT = dwarf;
				ENABLE_STRICT_OBJC_MSGSEND = YES;
				ENABLE_TESTABILITY = YES;
				GCC_C_LANGUAGE_STANDARD = gnu11;
				GCC_DYNAMIC_NO_PIC = NO;
				GCC_NO_COMMON_BLOCKS = YES;
				GCC_OPTIMIZATION_LEVEL = 0;
				GCC_PREPROCESSOR_DEFINITIONS = (
					"DEBUG=1",
					"$(inherited)",
				);
				GCC_WARN_64_TO_32_BIT_CONVERSION = YES;
				GCC_WARN_ABOUT_RETURN_TYPE = YES_ERROR;
				GCC_WARN_UNDECLARED_SELECTOR = YES;
				GCC_WARN_UNINITIALIZED_AUTOS = YES_AGGRESSIVE;
				GCC_WARN_UNUSED_FUNCTION = YES;
				GCC_WARN_UNUSED_VARIABLE = YES;
				IPHONEOS_DEPLOYMENT_TARGET = 12.0;
				MTL_ENABLE_DEBUG_INFO = INCLUDE_SOURCE;
				MTL_FAST_MATH = YES;
				ONLY_ACTIVE_ARCH = YES;
				SDKROOT = iphoneos;
				SWIFT_ACTIVE_COMPILATION_CONDITIONS = DEBUG;
				SWIFT_OPTIMIZATION_LEVEL = "-Onone";
			};
			name = Debug;
		};
		0AAC472A21820CA800322A93 /* Release */ = {
			isa = XCBuildConfiguration;
			buildSettings = {
				ALWAYS_SEARCH_USER_PATHS = NO;
				CLANG_ANALYZER_NONNULL = YES;
				CLANG_ANALYZER_NUMBER_OBJECT_CONVERSION = YES_AGGRESSIVE;
				CLANG_CXX_LANGUAGE_STANDARD = "gnu++14";
				CLANG_CXX_LIBRARY = "libc++";
				CLANG_ENABLE_MODULES = YES;
				CLANG_ENABLE_OBJC_ARC = YES;
				CLANG_ENABLE_OBJC_WEAK = YES;
				CLANG_WARN_BLOCK_CAPTURE_AUTORELEASING = YES;
				CLANG_WARN_BOOL_CONVERSION = YES;
				CLANG_WARN_COMMA = YES;
				CLANG_WARN_CONSTANT_CONVERSION = YES;
				CLANG_WARN_DEPRECATED_OBJC_IMPLEMENTATIONS = YES;
				CLANG_WARN_DIRECT_OBJC_ISA_USAGE = YES_ERROR;
				CLANG_WARN_DOCUMENTATION_COMMENTS = YES;
				CLANG_WARN_EMPTY_BODY = YES;
				CLANG_WARN_ENUM_CONVERSION = YES;
				CLANG_WARN_INFINITE_RECURSION = YES;
				CLANG_WARN_INT_CONVERSION = YES;
				CLANG_WARN_NON_LITERAL_NULL_CONVERSION = YES;
				CLANG_WARN_OBJC_IMPLICIT_RETAIN_SELF = YES;
				CLANG_WARN_OBJC_LITERAL_CONVERSION = YES;
				CLANG_WARN_OBJC_ROOT_CLASS = YES_ERROR;
				CLANG_WARN_RANGE_LOOP_ANALYSIS = YES;
				CLANG_WARN_STRICT_PROTOTYPES = YES;
				CLANG_WARN_SUSPICIOUS_MOVE = YES;
				CLANG_WARN_UNGUARDED_AVAILABILITY = YES_AGGRESSIVE;
				CLANG_WARN_UNREACHABLE_CODE = YES;
				CLANG_WARN__DUPLICATE_METHOD_MATCH = YES;
				CODE_SIGN_IDENTITY = "iPhone Developer";
				COPY_PHASE_STRIP = NO;
				DEBUG_INFORMATION_FORMAT = "dwarf-with-dsym";
				ENABLE_NS_ASSERTIONS = NO;
				ENABLE_STRICT_OBJC_MSGSEND = YES;
				GCC_C_LANGUAGE_STANDARD = gnu11;
				GCC_NO_COMMON_BLOCKS = YES;
				GCC_WARN_64_TO_32_BIT_CONVERSION = YES;
				GCC_WARN_ABOUT_RETURN_TYPE = YES_ERROR;
				GCC_WARN_UNDECLARED_SELECTOR = YES;
				GCC_WARN_UNINITIALIZED_AUTOS = YES_AGGRESSIVE;
				GCC_WARN_UNUSED_FUNCTION = YES;
				GCC_WARN_UNUSED_VARIABLE = YES;
				IPHONEOS_DEPLOYMENT_TARGET = 12.0;
				MTL_ENABLE_DEBUG_INFO = NO;
				MTL_FAST_MATH = YES;
				SDKROOT = iphoneos;
				SWIFT_COMPILATION_MODE = wholemodule;
				SWIFT_OPTIMIZATION_LEVEL = "-O";
				VALIDATE_PRODUCT = YES;
			};
			name = Release;
		};
		0AAC472C21820CA800322A93 /* Debug */ = {
			isa = XCBuildConfiguration;
			baseConfigurationReference = 28ACFB149FFEFB1526812AED /* Pods-AlamofireDemo.debug.xcconfig */;
			buildSettings = {
				ASSETCATALOG_COMPILER_APPICON_NAME = AppIcon;
				CODE_SIGN_STYLE = Automatic;
				DEVELOPMENT_TEAM = ZNQHA9NHR9;
				INFOPLIST_FILE = AlamofireDemo/Info.plist;
				LD_RUNPATH_SEARCH_PATHS = (
					"$(inherited)",
					"@executable_path/Frameworks",
				);
				PRODUCT_BUNDLE_IDENTIFIER = com.dmitry.AlamofireDemo;
				PRODUCT_NAME = "$(TARGET_NAME)";
				SWIFT_VERSION = 4.2;
				TARGETED_DEVICE_FAMILY = "1,2";
			};
			name = Debug;
		};
		0AAC472D21820CA800322A93 /* Release */ = {
			isa = XCBuildConfiguration;
			baseConfigurationReference = 0ECF416ED1B021FBE236C7FA /* Pods-AlamofireDemo.release.xcconfig */;
			buildSettings = {
				ASSETCATALOG_COMPILER_APPICON_NAME = AppIcon;
				CODE_SIGN_STYLE = Automatic;
				DEVELOPMENT_TEAM = ZNQHA9NHR9;
				INFOPLIST_FILE = AlamofireDemo/Info.plist;
				LD_RUNPATH_SEARCH_PATHS = (
					"$(inherited)",
					"@executable_path/Frameworks",
				);
				PRODUCT_BUNDLE_IDENTIFIER = com.dmitry.AlamofireDemo;
				PRODUCT_NAME = "$(TARGET_NAME)";
				SWIFT_VERSION = 4.2;
				TARGETED_DEVICE_FAMILY = "1,2";
			};
			name = Release;
		};
		0AAC472F21820CA800322A93 /* Debug */ = {
			isa = XCBuildConfiguration;
			buildSettings = {
				ALWAYS_EMBED_SWIFT_STANDARD_LIBRARIES = YES;
				BUNDLE_LOADER = "$(TEST_HOST)";
				CODE_SIGN_STYLE = Automatic;
				INFOPLIST_FILE = AlamofireDemoTests/Info.plist;
				LD_RUNPATH_SEARCH_PATHS = (
					"$(inherited)",
					"@executable_path/Frameworks",
					"@loader_path/Frameworks",
				);
				PRODUCT_BUNDLE_IDENTIFIER = com.dmitry.AlamofireDemoTests;
				PRODUCT_NAME = "$(TARGET_NAME)";
				SWIFT_VERSION = 4.2;
				TARGETED_DEVICE_FAMILY = "1,2";
				TEST_HOST = "$(BUILT_PRODUCTS_DIR)/AlamofireDemo.app/AlamofireDemo";
			};
			name = Debug;
		};
		0AAC473021820CA800322A93 /* Release */ = {
			isa = XCBuildConfiguration;
			buildSettings = {
				ALWAYS_EMBED_SWIFT_STANDARD_LIBRARIES = YES;
				BUNDLE_LOADER = "$(TEST_HOST)";
				CODE_SIGN_STYLE = Automatic;
				INFOPLIST_FILE = AlamofireDemoTests/Info.plist;
				LD_RUNPATH_SEARCH_PATHS = (
					"$(inherited)",
					"@executable_path/Frameworks",
					"@loader_path/Frameworks",
				);
				PRODUCT_BUNDLE_IDENTIFIER = com.dmitry.AlamofireDemoTests;
				PRODUCT_NAME = "$(TARGET_NAME)";
				SWIFT_VERSION = 4.2;
				TARGETED_DEVICE_FAMILY = "1,2";
				TEST_HOST = "$(BUILT_PRODUCTS_DIR)/AlamofireDemo.app/AlamofireDemo";
			};
			name = Release;
		};
		0AAC473221820CA800322A93 /* Debug */ = {
			isa = XCBuildConfiguration;
			buildSettings = {
				ALWAYS_EMBED_SWIFT_STANDARD_LIBRARIES = YES;
				CODE_SIGN_STYLE = Automatic;
				INFOPLIST_FILE = AlamofireDemoUITests/Info.plist;
				LD_RUNPATH_SEARCH_PATHS = (
					"$(inherited)",
					"@executable_path/Frameworks",
					"@loader_path/Frameworks",
				);
				PRODUCT_BUNDLE_IDENTIFIER = com.dmitry.AlamofireDemoUITests;
				PRODUCT_NAME = "$(TARGET_NAME)";
				SWIFT_VERSION = 4.2;
				TARGETED_DEVICE_FAMILY = "1,2";
				TEST_TARGET_NAME = AlamofireDemo;
			};
			name = Debug;
		};
		0AAC473321820CA800322A93 /* Release */ = {
			isa = XCBuildConfiguration;
			buildSettings = {
				ALWAYS_EMBED_SWIFT_STANDARD_LIBRARIES = YES;
				CODE_SIGN_STYLE = Automatic;
				INFOPLIST_FILE = AlamofireDemoUITests/Info.plist;
				LD_RUNPATH_SEARCH_PATHS = (
					"$(inherited)",
					"@executable_path/Frameworks",
					"@loader_path/Frameworks",
				);
				PRODUCT_BUNDLE_IDENTIFIER = com.dmitry.AlamofireDemoUITests;
				PRODUCT_NAME = "$(TARGET_NAME)";
				SWIFT_VERSION = 4.2;
				TARGETED_DEVICE_FAMILY = "1,2";
				TEST_TARGET_NAME = AlamofireDemo;
			};
			name = Release;
		};
/* End XCBuildConfiguration section */

/* Begin XCConfigurationList section */
		0AAC46FE21820CA500322A93 /* Build configuration list for PBXProject "AlamofireDemo" */ = {
			isa = XCConfigurationList;
			buildConfigurations = (
				0AAC472921820CA800322A93 /* Debug */,
				0AAC472A21820CA800322A93 /* Release */,
			);
			defaultConfigurationIsVisible = 0;
			defaultConfigurationName = Release;
		};
		0AAC472B21820CA800322A93 /* Build configuration list for PBXNativeTarget "AlamofireDemo" */ = {
			isa = XCConfigurationList;
			buildConfigurations = (
				0AAC472C21820CA800322A93 /* Debug */,
				0AAC472D21820CA800322A93 /* Release */,
			);
			defaultConfigurationIsVisible = 0;
			defaultConfigurationName = Release;
		};
		0AAC472E21820CA800322A93 /* Build configuration list for PBXNativeTarget "AlamofireDemoTests" */ = {
			isa = XCConfigurationList;
			buildConfigurations = (
				0AAC472F21820CA800322A93 /* Debug */,
				0AAC473021820CA800322A93 /* Release */,
			);
			defaultConfigurationIsVisible = 0;
			defaultConfigurationName = Release;
		};
		0AAC473121820CA800322A93 /* Build configuration list for PBXNativeTarget "AlamofireDemoUITests" */ = {
			isa = XCConfigurationList;
			buildConfigurations = (
				0AAC473221820CA800322A93 /* Debug */,
				0AAC473321820CA800322A93 /* Release */,
			);
			defaultConfigurationIsVisible = 0;
			defaultConfigurationName = Release;
		};
/* End XCConfigurationList section */
	};
	rootObject = 0AAC46FB21820CA500322A93 /* Project object */;
}
